
Microsoft Visual Studio Solution File, Format Version 12.00
# Visual Studio 14
VisualStudioVersion = 14.0.23107.0
MinimumVisualStudioVersion = 10.0.40219.1
Project("{FAE04EC0-301F-11D3-BF4B-00C04F79EFBC}") = "ChatApp", "ChatApp\ChatApp.csproj", "{A438B7E0-3C22-43BB-BF9A-00CD2C72B36D}"
EndProject
Project("{FAE04EC0-301F-11D3-BF4B-00C04F79EFBC}") = "Client", "Client\Client.csproj", "{33E4C1DE-EA2F-41E5-8FCB-957BD7D49D39}"
EndProject
Global
	GlobalSection(SolutionConfigurationPlatforms) = preSolution
		Debug|Any CPU = Debug|Any CPU
		Release|Any CPU = Release|Any CPU
	EndGlobalSection
	GlobalSection(ProjectConfigurationPlatforms) = postSolution
		{A438B7E0-3C22-43BB-BF9A-00CD2C72B36D}.Debug|Any CPU.ActiveCfg = Debug|Any CPU
		{A438B7E0-3C22-43BB-BF9A-00CD2C72B36D}.Debug|Any CPU.Build.0 = Debug|Any CPU
		{A438B7E0-3C22-43BB-BF9A-00CD2C72B36D}.Release|Any CPU.ActiveCfg = Release|Any CPU
		{A438B7E0-3C22-43BB-BF9A-00CD2C72B36D}.Release|Any CPU.Build.0 = Release|Any CPU
		{33E4C1DE-EA2F-41E5-8FCB-957BD7D49D39}.Debug|Any CPU.ActiveCfg = Debug|Any CPU
		{33E4C1DE-EA2F-41E5-8FCB-957BD7D49D39}.Debug|Any CPU.Build.0 = Debug|Any CPU
		{33E4C1DE-EA2F-41E5-8FCB-957BD7D49D39}.Release|Any CPU.ActiveCfg = Release|Any CPU
		{33E4C1DE-EA2F-41E5-8FCB-957BD7D49D39}.Release|Any CPU.Build.0 = Release|Any CPU
	EndGlobalSection
	GlobalSection(SolutionProperties) = preSolution
		HideSolutionNode = FALSE
	EndGlobalSection
EndGlobal
